
Microsoft Visual Studio Solution File, Format Version 12.00
# Visual Studio 15
VisualStudioVersion = 15.0.27428.2037
MinimumVisualStudioVersion = 10.0.40219.1
Project("{FAE04EC0-301F-11D3-BF4B-00C04F79EFBC}") = "BatterySqLite_Xamarin.Android", "BatterySqLite_Xamarin\BatterySqLite_Xamarin.Android\BatterySqLite_Xamarin.Android.csproj", "{AA41A241-A62F-4207-9178-2F917EC08228}"
EndProject
Project("{FAE04EC0-301F-11D3-BF4B-00C04F79EFBC}") = "BatterySqLite_Xamarin.iOS", "BatterySqLite_Xamarin\BatterySqLite_Xamarin.iOS\BatterySqLite_Xamarin.iOS.csproj", "{017F87F3-EFF0-4A23-AC8E-6741AABB71A2}"
EndProject
Project("{FAE04EC0-301F-11D3-BF4B-00C04F79EFBC}") = "BatterySqLite_Xamarin.UWP", "BatterySqLite_Xamarin\BatterySqLite_Xamarin.UWP\BatterySqLite_Xamarin.UWP.csproj", "{39CB920D-B8D4-4194-9110-3571673E2E34}"
EndProject
Project("{FAE04EC0-301F-11D3-BF4B-00C04F79EFBC}") = "BatterySqLite_Xamarin", "BatterySqLite_Xamarin\BatterySqLite_Xamarin\BatterySqLite_Xamarin.csproj", "{F4383BD4-2E85-4529-84AB-931921750E25}"
EndProject
Project("{2150E333-8FDC-42A3-9474-1A3956D46DE8}") = "0. Plattforms", "0. Plattforms", "{4A8F316D-32D6-4D46-AEBB-80819BBDC816}"
EndProject
Project("{FAE04EC0-301F-11D3-BF4B-00C04F79EFBC}") = "BatterySqLite_Xamarin.Core", "BatterySqLite_Xamarin.Repository.Layer\BatterySqLite_Xamarin.Core.csproj", "{E1F08580-3E37-47A3-8280-F72720731123}"
EndProject
Global
	GlobalSection(SolutionConfigurationPlatforms) = preSolution
		Ad-Hoc|Any CPU = Ad-Hoc|Any CPU
		Ad-Hoc|ARM = Ad-Hoc|ARM
		Ad-Hoc|iPhone = Ad-Hoc|iPhone
		Ad-Hoc|iPhoneSimulator = Ad-Hoc|iPhoneSimulator
		Ad-Hoc|x64 = Ad-Hoc|x64
		Ad-Hoc|x86 = Ad-Hoc|x86
		AppStore|Any CPU = AppStore|Any CPU
		AppStore|ARM = AppStore|ARM
		AppStore|iPhone = AppStore|iPhone
		AppStore|iPhoneSimulator = AppStore|iPhoneSimulator
		AppStore|x64 = AppStore|x64
		AppStore|x86 = AppStore|x86
		Debug|Any CPU = Debug|Any CPU
		Debug|ARM = Debug|ARM
		Debug|iPhone = Debug|iPhone
		Debug|iPhoneSimulator = Debug|iPhoneSimulator
		Debug|x64 = Debug|x64
		Debug|x86 = Debug|x86
		Release|Any CPU = Release|Any CPU
		Release|ARM = Release|ARM
		Release|iPhone = Release|iPhone
		Release|iPhoneSimulator = Release|iPhoneSimulator
		Release|x64 = Release|x64
		Release|x86 = Release|x86
	EndGlobalSection
	GlobalSection(ProjectConfigurationPlatforms) = postSolution
		{AA41A241-A62F-4207-9178-2F917EC08228}.Ad-Hoc|Any CPU.ActiveCfg = Release|Any CPU
		{AA41A241-A62F-4207-9178-2F917EC08228}.Ad-Hoc|Any CPU.Build.0 = Release|Any CPU
		{AA41A241-A62F-4207-9178-2F917EC08228}.Ad-Hoc|Any CPU.Deploy.0 = Release|Any CPU
		{AA41A241-A62F-4207-9178-2F917EC08228}.Ad-Hoc|ARM.ActiveCfg = Release|Any CPU
		{AA41A241-A62F-4207-9178-2F917EC08228}.Ad-Hoc|ARM.Build.0 = Release|Any CPU
		{AA41A241-A62F-4207-9178-2F917EC08228}.Ad-Hoc|ARM.Deploy.0 = Release|Any CPU
		{AA41A241-A62F-4207-9178-2F917EC08228}.Ad-Hoc|iPhone.ActiveCfg = Release|Any CPU
		{AA41A241-A62F-4207-9178-2F917EC08228}.Ad-Hoc|iPhone.Build.0 = Release|Any CPU
		{AA41A241-A62F-4207-9178-2F917EC08228}.Ad-Hoc|iPhone.Deploy.0 = Release|Any CPU
		{AA41A241-A62F-4207-9178-2F917EC08228}.Ad-Hoc|iPhoneSimulator.ActiveCfg = Release|Any CPU
		{AA41A241-A62F-4207-9178-2F917EC08228}.Ad-Hoc|iPhoneSimulator.Build.0 = Release|Any CPU
		{AA41A241-A62F-4207-9178-2F917EC08228}.Ad-Hoc|iPhoneSimulator.Deploy.0 = Release|Any CPU
		{AA41A241-A62F-4207-9178-2F917EC08228}.Ad-Hoc|x64.ActiveCfg = Release|Any CPU
		{AA41A241-A62F-4207-9178-2F917EC08228}.Ad-Hoc|x64.Build.0 = Release|Any CPU
		{AA41A241-A62F-4207-9178-2F917EC08228}.Ad-Hoc|x64.Deploy.0 = Release|Any CPU
		{AA41A241-A62F-4207-9178-2F917EC08228}.Ad-Hoc|x86.ActiveCfg = Release|Any CPU
		{AA41A241-A62F-4207-9178-2F917EC08228}.Ad-Hoc|x86.Build.0 = Release|Any CPU
		{AA41A241-A62F-4207-9178-2F917EC08228}.Ad-Hoc|x86.Deploy.0 = Release|Any CPU
		{AA41A241-A62F-4207-9178-2F917EC08228}.AppStore|Any CPU.ActiveCfg = Release|Any CPU
		{AA41A241-A62F-4207-9178-2F917EC08228}.AppStore|Any CPU.Build.0 = Release|Any CPU
		{AA41A241-A62F-4207-9178-2F917EC08228}.AppStore|Any CPU.Deploy.0 = Release|Any CPU
		{AA41A241-A62F-4207-9178-2F917EC08228}.AppStore|ARM.ActiveCfg = Release|Any CPU
		{AA41A241-A62F-4207-9178-2F917EC08228}.AppStore|ARM.Build.0 = Release|Any CPU
		{AA41A241-A62F-4207-9178-2F917EC08228}.AppStore|ARM.Deploy.0 = Release|Any CPU
		{AA41A241-A62F-4207-9178-2F917EC08228}.AppStore|iPhone.ActiveCfg = Release|Any CPU
		{AA41A241-A62F-4207-9178-2F917EC08228}.AppStore|iPhone.Build.0 = Release|Any CPU
		{AA41A241-A62F-4207-9178-2F917EC08228}.AppStore|iPhone.Deploy.0 = Release|Any CPU
		{AA41A241-A62F-4207-9178-2F917EC08228}.AppStore|iPhoneSimulator.ActiveCfg = Release|Any CPU
		{AA41A241-A62F-4207-9178-2F917EC08228}.AppStore|iPhoneSimulator.Build.0 = Release|Any CPU
		{AA41A241-A62F-4207-9178-2F917EC08228}.AppStore|iPhoneSimulator.Deploy.0 = Release|Any CPU
		{AA41A241-A62F-4207-9178-2F917EC08228}.AppStore|x64.ActiveCfg = Release|Any CPU
		{AA41A241-A62F-4207-9178-2F917EC08228}.AppStore|x64.Build.0 = Release|Any CPU
		{AA41A241-A62F-4207-9178-2F917EC08228}.AppStore|x64.Deploy.0 = Release|Any CPU
		{AA41A241-A62F-4207-9178-2F917EC08228}.AppStore|x86.ActiveCfg = Release|Any CPU
		{AA41A241-A62F-4207-9178-2F917EC08228}.AppStore|x86.Build.0 = Release|Any CPU
		{AA41A241-A62F-4207-9178-2F917EC08228}.AppStore|x86.Deploy.0 = Release|Any CPU
		{AA41A241-A62F-4207-9178-2F917EC08228}.Debug|Any CPU.ActiveCfg = Debug|Any CPU
		{AA41A241-A62F-4207-9178-2F917EC08228}.Debug|Any CPU.Build.0 = Debug|Any CPU
		{AA41A241-A62F-4207-9178-2F917EC08228}.Debug|Any CPU.Deploy.0 = Debug|Any CPU
		{AA41A241-A62F-4207-9178-2F917EC08228}.Debug|ARM.ActiveCfg = Debug|Any CPU
		{AA41A241-A62F-4207-9178-2F917EC08228}.Debug|ARM.Build.0 = Debug|Any CPU
		{AA41A241-A62F-4207-9178-2F917EC08228}.Debug|ARM.Deploy.0 = Debug|Any CPU
		{AA41A241-A62F-4207-9178-2F917EC08228}.Debug|iPhone.ActiveCfg = Debug|Any CPU
		{AA41A241-A62F-4207-9178-2F917EC08228}.Debug|iPhone.Build.0 = Debug|Any CPU
		{AA41A241-A62F-4207-9178-2F917EC08228}.Debug|iPhone.Deploy.0 = Debug|Any CPU
		{AA41A241-A62F-4207-9178-2F917EC08228}.Debug|iPhoneSimulator.ActiveCfg = Debug|Any CPU
		{AA41A241-A62F-4207-9178-2F917EC08228}.Debug|iPhoneSimulator.Build.0 = Debug|Any CPU
		{AA41A241-A62F-4207-9178-2F917EC08228}.Debug|iPhoneSimulator.Deploy.0 = Debug|Any CPU
		{AA41A241-A62F-4207-9178-2F917EC08228}.Debug|x64.ActiveCfg = Debug|Any CPU
		{AA41A241-A62F-4207-9178-2F917EC08228}.Debug|x64.Build.0 = Debug|Any CPU
		{AA41A241-A62F-4207-9178-2F917EC08228}.Debug|x64.Deploy.0 = Debug|Any CPU
		{AA41A241-A62F-4207-9178-2F917EC08228}.Debug|x86.ActiveCfg = Debug|Any CPU
		{AA41A241-A62F-4207-9178-2F917EC08228}.Debug|x86.Build.0 = Debug|Any CPU
		{AA41A241-A62F-4207-9178-2F917EC08228}.Debug|x86.Deploy.0 = Debug|Any CPU
		{AA41A241-A62F-4207-9178-2F917EC08228}.Release|Any CPU.ActiveCfg = Release|Any CPU
		{AA41A241-A62F-4207-9178-2F917EC08228}.Release|Any CPU.Build.0 = Release|Any CPU
		{AA41A241-A62F-4207-9178-2F917EC08228}.Release|Any CPU.Deploy.0 = Release|Any CPU
		{AA41A241-A62F-4207-9178-2F917EC08228}.Release|ARM.ActiveCfg = Release|Any CPU
		{AA41A241-A62F-4207-9178-2F917EC08228}.Release|ARM.Build.0 = Release|Any CPU
		{AA41A241-A62F-4207-9178-2F917EC08228}.Release|ARM.Deploy.0 = Release|Any CPU
		{AA41A241-A62F-4207-9178-2F917EC08228}.Release|iPhone.ActiveCfg = Release|Any CPU
		{AA41A241-A62F-4207-9178-2F917EC08228}.Release|iPhone.Build.0 = Release|Any CPU
		{AA41A241-A62F-4207-9178-2F917EC08228}.Release|iPhone.Deploy.0 = Release|Any CPU
		{AA41A241-A62F-4207-9178-2F917EC08228}.Release|iPhoneSimulator.ActiveCfg = Release|Any CPU
		{AA41A241-A62F-4207-9178-2F917EC08228}.Release|iPhoneSimulator.Build.0 = Release|Any CPU
		{AA41A241-A62F-4207-9178-2F917EC08228}.Release|iPhoneSimulator.Deploy.0 = Release|Any CPU
		{AA41A241-A62F-4207-9178-2F917EC08228}.Release|x64.ActiveCfg = Release|Any CPU
		{AA41A241-A62F-4207-9178-2F917EC08228}.Release|x64.Build.0 = Release|Any CPU
		{AA41A241-A62F-4207-9178-2F917EC08228}.Release|x64.Deploy.0 = Release|Any CPU
		{AA41A241-A62F-4207-9178-2F917EC08228}.Release|x86.ActiveCfg = Release|Any CPU
		{AA41A241-A62F-4207-9178-2F917EC08228}.Release|x86.Build.0 = Release|Any CPU
		{AA41A241-A62F-4207-9178-2F917EC08228}.Release|x86.Deploy.0 = Release|Any CPU
		{017F87F3-EFF0-4A23-AC8E-6741AABB71A2}.Ad-Hoc|Any CPU.ActiveCfg = Ad-Hoc|iPhone
		{017F87F3-EFF0-4A23-AC8E-6741AABB71A2}.Ad-Hoc|ARM.ActiveCfg = Ad-Hoc|iPhone
		{017F87F3-EFF0-4A23-AC8E-6741AABB71A2}.Ad-Hoc|iPhone.ActiveCfg = Ad-Hoc|iPhone
		{017F87F3-EFF0-4A23-AC8E-6741AABB71A2}.Ad-Hoc|iPhone.Build.0 = Ad-Hoc|iPhone
		{017F87F3-EFF0-4A23-AC8E-6741AABB71A2}.Ad-Hoc|iPhoneSimulator.ActiveCfg = Ad-Hoc|iPhoneSimulator
		{017F87F3-EFF0-4A23-AC8E-6741AABB71A2}.Ad-Hoc|iPhoneSimulator.Build.0 = Ad-Hoc|iPhoneSimulator
		{017F87F3-EFF0-4A23-AC8E-6741AABB71A2}.Ad-Hoc|x64.ActiveCfg = Ad-Hoc|iPhone
		{017F87F3-EFF0-4A23-AC8E-6741AABB71A2}.Ad-Hoc|x86.ActiveCfg = Ad-Hoc|iPhone
		{017F87F3-EFF0-4A23-AC8E-6741AABB71A2}.AppStore|Any CPU.ActiveCfg = AppStore|iPhone
		{017F87F3-EFF0-4A23-AC8E-6741AABB71A2}.AppStore|ARM.ActiveCfg = AppStore|iPhone
		{017F87F3-EFF0-4A23-AC8E-6741AABB71A2}.AppStore|iPhone.ActiveCfg = AppStore|iPhone
		{017F87F3-EFF0-4A23-AC8E-6741AABB71A2}.AppStore|iPhone.Build.0 = AppStore|iPhone
		{017F87F3-EFF0-4A23-AC8E-6741AABB71A2}.AppStore|iPhoneSimulator.ActiveCfg = AppStore|iPhoneSimulator
		{017F87F3-EFF0-4A23-AC8E-6741AABB71A2}.AppStore|iPhoneSimulator.Build.0 = AppStore|iPhoneSimulator
		{017F87F3-EFF0-4A23-AC8E-6741AABB71A2}.AppStore|x64.ActiveCfg = AppStore|iPhone
		{017F87F3-EFF0-4A23-AC8E-6741AABB71A2}.AppStore|x86.ActiveCfg = AppStore|iPhone
		{017F87F3-EFF0-4A23-AC8E-6741AABB71A2}.Debug|Any CPU.ActiveCfg = Debug|iPhone
		{017F87F3-EFF0-4A23-AC8E-6741AABB71A2}.Debug|ARM.ActiveCfg = Debug|iPhone
		{017F87F3-EFF0-4A23-AC8E-6741AABB71A2}.Debug|iPhone.ActiveCfg = Debug|iPhone
		{017F87F3-EFF0-4A23-AC8E-6741AABB71A2}.Debug|iPhone.Build.0 = Debug|iPhone
		{017F87F3-EFF0-4A23-AC8E-6741AABB71A2}.Debug|iPhoneSimulator.ActiveCfg = Debug|iPhoneSimulator
		{017F87F3-EFF0-4A23-AC8E-6741AABB71A2}.Debug|iPhoneSimulator.Build.0 = Debug|iPhoneSimulator
		{017F87F3-EFF0-4A23-AC8E-6741AABB71A2}.Debug|x64.ActiveCfg = Debug|iPhone
		{017F87F3-EFF0-4A23-AC8E-6741AABB71A2}.Debug|x86.ActiveCfg = Debug|iPhone
		{017F87F3-EFF0-4A23-AC8E-6741AABB71A2}.Release|Any CPU.ActiveCfg = Release|iPhone
		{017F87F3-EFF0-4A23-AC8E-6741AABB71A2}.Release|ARM.ActiveCfg = Release|iPhone
		{017F87F3-EFF0-4A23-AC8E-6741AABB71A2}.Release|iPhone.ActiveCfg = Release|iPhone
		{017F87F3-EFF0-4A23-AC8E-6741AABB71A2}.Release|iPhone.Build.0 = Release|iPhone
		{017F87F3-EFF0-4A23-AC8E-6741AABB71A2}.Release|iPhoneSimulator.ActiveCfg = Release|iPhoneSimulator
		{017F87F3-EFF0-4A23-AC8E-6741AABB71A2}.Release|iPhoneSimulator.Build.0 = Release|iPhoneSimulator
		{017F87F3-EFF0-4A23-AC8E-6741AABB71A2}.Release|x64.ActiveCfg = Release|iPhone
		{017F87F3-EFF0-4A23-AC8E-6741AABB71A2}.Release|x86.ActiveCfg = Release|iPhone
		{39CB920D-B8D4-4194-9110-3571673E2E34}.Ad-Hoc|Any CPU.ActiveCfg = Release|x86
		{39CB920D-B8D4-4194-9110-3571673E2E34}.Ad-Hoc|Any CPU.Build.0 = Release|x86
		{39CB920D-B8D4-4194-9110-3571673E2E34}.Ad-Hoc|Any CPU.Deploy.0 = Release|x86
		{39CB920D-B8D4-4194-9110-3571673E2E34}.Ad-Hoc|ARM.ActiveCfg = Release|ARM
		{39CB920D-B8D4-4194-9110-3571673E2E34}.Ad-Hoc|ARM.Build.0 = Release|ARM
		{39CB920D-B8D4-4194-9110-3571673E2E34}.Ad-Hoc|ARM.Deploy.0 = Release|ARM
		{39CB920D-B8D4-4194-9110-3571673E2E34}.Ad-Hoc|iPhone.ActiveCfg = Release|x86
		{39CB920D-B8D4-4194-9110-3571673E2E34}.Ad-Hoc|iPhone.Build.0 = Release|x86
		{39CB920D-B8D4-4194-9110-3571673E2E34}.Ad-Hoc|iPhone.Deploy.0 = Release|x86
		{39CB920D-B8D4-4194-9110-3571673E2E34}.Ad-Hoc|iPhoneSimulator.ActiveCfg = Release|x86
		{39CB920D-B8D4-4194-9110-3571673E2E34}.Ad-Hoc|iPhoneSimulator.Build.0 = Release|x86
		{39CB920D-B8D4-4194-9110-3571673E2E34}.Ad-Hoc|iPhoneSimulator.Deploy.0 = Release|x86
		{39CB920D-B8D4-4194-9110-3571673E2E34}.Ad-Hoc|x64.ActiveCfg = Release|x64
		{39CB920D-B8D4-4194-9110-3571673E2E34}.Ad-Hoc|x64.Build.0 = Release|x64
		{39CB920D-B8D4-4194-9110-3571673E2E34}.Ad-Hoc|x64.Deploy.0 = Release|x64
		{39CB920D-B8D4-4194-9110-3571673E2E34}.Ad-Hoc|x86.ActiveCfg = Release|x86
		{39CB920D-B8D4-4194-9110-3571673E2E34}.Ad-Hoc|x86.Build.0 = Release|x86
		{39CB920D-B8D4-4194-9110-3571673E2E34}.Ad-Hoc|x86.Deploy.0 = Release|x86
		{39CB920D-B8D4-4194-9110-3571673E2E34}.AppStore|Any CPU.ActiveCfg = Release|x86
		{39CB920D-B8D4-4194-9110-3571673E2E34}.AppStore|Any CPU.Build.0 = Release|x86
		{39CB920D-B8D4-4194-9110-3571673E2E34}.AppStore|Any CPU.Deploy.0 = Release|x86
		{39CB920D-B8D4-4194-9110-3571673E2E34}.AppStore|ARM.ActiveCfg = Release|ARM
		{39CB920D-B8D4-4194-9110-3571673E2E34}.AppStore|ARM.Build.0 = Release|ARM
		{39CB920D-B8D4-4194-9110-3571673E2E34}.AppStore|ARM.Deploy.0 = Release|ARM
		{39CB920D-B8D4-4194-9110-3571673E2E34}.AppStore|iPhone.ActiveCfg = Release|x86
		{39CB920D-B8D4-4194-9110-3571673E2E34}.AppStore|iPhone.Build.0 = Release|x86
		{39CB920D-B8D4-4194-9110-3571673E2E34}.AppStore|iPhone.Deploy.0 = Release|x86
		{39CB920D-B8D4-4194-9110-3571673E2E34}.AppStore|iPhoneSimulator.ActiveCfg = Release|x86
		{39CB920D-B8D4-4194-9110-3571673E2E34}.AppStore|iPhoneSimulator.Build.0 = Release|x86
		{39CB920D-B8D4-4194-9110-3571673E2E34}.AppStore|iPhoneSimulator.Deploy.0 = Release|x86
		{39CB920D-B8D4-4194-9110-3571673E2E34}.AppStore|x64.ActiveCfg = Release|x64
		{39CB920D-B8D4-4194-9110-3571673E2E34}.AppStore|x64.Build.0 = Release|x64
		{39CB920D-B8D4-4194-9110-3571673E2E34}.AppStore|x64.Deploy.0 = Release|x64
		{39CB920D-B8D4-4194-9110-3571673E2E34}.AppStore|x86.ActiveCfg = Release|x86
		{39CB920D-B8D4-4194-9110-3571673E2E34}.AppStore|x86.Build.0 = Release|x86
		{39CB920D-B8D4-4194-9110-3571673E2E34}.AppStore|x86.Deploy.0 = Release|x86
		{39CB920D-B8D4-4194-9110-3571673E2E34}.Debug|Any CPU.ActiveCfg = Debug|x86
		{39CB920D-B8D4-4194-9110-3571673E2E34}.Debug|ARM.ActiveCfg = Debug|ARM
		{39CB920D-B8D4-4194-9110-3571673E2E34}.Debug|ARM.Build.0 = Debug|ARM
		{39CB920D-B8D4-4194-9110-3571673E2E34}.Debug|ARM.Deploy.0 = Debug|ARM
		{39CB920D-B8D4-4194-9110-3571673E2E34}.Debug|iPhone.ActiveCfg = Debug|x86
		{39CB920D-B8D4-4194-9110-3571673E2E34}.Debug|iPhoneSimulator.ActiveCfg = Debug|x86
		{39CB920D-B8D4-4194-9110-3571673E2E34}.Debug|x64.ActiveCfg = Debug|x64
		{39CB920D-B8D4-4194-9110-3571673E2E34}.Debug|x64.Build.0 = Debug|x64
		{39CB920D-B8D4-4194-9110-3571673E2E34}.Debug|x64.Deploy.0 = Debug|x64
		{39CB920D-B8D4-4194-9110-3571673E2E34}.Debug|x86.ActiveCfg = Debug|x86
		{39CB920D-B8D4-4194-9110-3571673E2E34}.Debug|x86.Build.0 = Debug|x86
		{39CB920D-B8D4-4194-9110-3571673E2E34}.Debug|x86.Deploy.0 = Debug|x86
		{39CB920D-B8D4-4194-9110-3571673E2E34}.Release|Any CPU.ActiveCfg = Release|x86
		{39CB920D-B8D4-4194-9110-3571673E2E34}.Release|ARM.ActiveCfg = Release|ARM
		{39CB920D-B8D4-4194-9110-3571673E2E34}.Release|ARM.Build.0 = Release|ARM
		{39CB920D-B8D4-4194-9110-3571673E2E34}.Release|ARM.Deploy.0 = Release|ARM
		{39CB920D-B8D4-4194-9110-3571673E2E34}.Release|iPhone.ActiveCfg = Release|x86
		{39CB920D-B8D4-4194-9110-3571673E2E34}.Release|iPhoneSimulator.ActiveCfg = Release|x86
		{39CB920D-B8D4-4194-9110-3571673E2E34}.Release|x64.ActiveCfg = Release|x64
		{39CB920D-B8D4-4194-9110-3571673E2E34}.Release|x64.Build.0 = Release|x64
		{39CB920D-B8D4-4194-9110-3571673E2E34}.Release|x64.Deploy.0 = Release|x64
		{39CB920D-B8D4-4194-9110-3571673E2E34}.Release|x86.ActiveCfg = Release|x86
		{39CB920D-B8D4-4194-9110-3571673E2E34}.Release|x86.Build.0 = Release|x86
		{39CB920D-B8D4-4194-9110-3571673E2E34}.Release|x86.Deploy.0 = Release|x86
		{F4383BD4-2E85-4529-84AB-931921750E25}.Ad-Hoc|Any CPU.ActiveCfg = Debug|Any CPU
		{F4383BD4-2E85-4529-84AB-931921750E25}.Ad-Hoc|Any CPU.Build.0 = Debug|Any CPU
		{F4383BD4-2E85-4529-84AB-931921750E25}.Ad-Hoc|ARM.ActiveCfg = Debug|Any CPU
		{F4383BD4-2E85-4529-84AB-931921750E25}.Ad-Hoc|ARM.Build.0 = Debug|Any CPU
		{F4383BD4-2E85-4529-84AB-931921750E25}.Ad-Hoc|iPhone.ActiveCfg = Debug|Any CPU
		{F4383BD4-2E85-4529-84AB-931921750E25}.Ad-Hoc|iPhone.Build.0 = Debug|Any CPU
		{F4383BD4-2E85-4529-84AB-931921750E25}.Ad-Hoc|iPhoneSimulator.ActiveCfg = Debug|Any CPU
		{F4383BD4-2E85-4529-84AB-931921750E25}.Ad-Hoc|iPhoneSimulator.Build.0 = Debug|Any CPU
		{F4383BD4-2E85-4529-84AB-931921750E25}.Ad-Hoc|x64.ActiveCfg = Debug|Any CPU
		{F4383BD4-2E85-4529-84AB-931921750E25}.Ad-Hoc|x64.Build.0 = Debug|Any CPU
		{F4383BD4-2E85-4529-84AB-931921750E25}.Ad-Hoc|x86.ActiveCfg = Debug|Any CPU
		{F4383BD4-2E85-4529-84AB-931921750E25}.Ad-Hoc|x86.Build.0 = Debug|Any CPU
		{F4383BD4-2E85-4529-84AB-931921750E25}.AppStore|Any CPU.ActiveCfg = Debug|Any CPU
		{F4383BD4-2E85-4529-84AB-931921750E25}.AppStore|Any CPU.Build.0 = Debug|Any CPU
		{F4383BD4-2E85-4529-84AB-931921750E25}.AppStore|ARM.ActiveCfg = Debug|Any CPU
		{F4383BD4-2E85-4529-84AB-931921750E25}.AppStore|ARM.Build.0 = Debug|Any CPU
		{F4383BD4-2E85-4529-84AB-931921750E25}.AppStore|iPhone.ActiveCfg = Debug|Any CPU
		{F4383BD4-2E85-4529-84AB-931921750E25}.AppStore|iPhone.Build.0 = Debug|Any CPU
		{F4383BD4-2E85-4529-84AB-931921750E25}.AppStore|iPhoneSimulator.ActiveCfg = Debug|Any CPU
		{F4383BD4-2E85-4529-84AB-931921750E25}.AppStore|iPhoneSimulator.Build.0 = Debug|Any CPU
		{F4383BD4-2E85-4529-84AB-931921750E25}.AppStore|x64.ActiveCfg = Debug|Any CPU
		{F4383BD4-2E85-4529-84AB-931921750E25}.AppStore|x64.Build.0 = Debug|Any CPU
		{F4383BD4-2E85-4529-84AB-931921750E25}.AppStore|x86.ActiveCfg = Debug|Any CPU
		{F4383BD4-2E85-4529-84AB-931921750E25}.AppStore|x86.Build.0 = Debug|Any CPU
		{F4383BD4-2E85-4529-84AB-931921750E25}.Debug|Any CPU.ActiveCfg = Debug|Any CPU
		{F4383BD4-2E85-4529-84AB-931921750E25}.Debug|Any CPU.Build.0 = Debug|Any CPU
		{F4383BD4-2E85-4529-84AB-931921750E25}.Debug|ARM.ActiveCfg = Debug|Any CPU
		{F4383BD4-2E85-4529-84AB-931921750E25}.Debug|ARM.Build.0 = Debug|Any CPU
		{F4383BD4-2E85-4529-84AB-931921750E25}.Debug|iPhone.ActiveCfg = Debug|Any CPU
		{F4383BD4-2E85-4529-84AB-931921750E25}.Debug|iPhone.Build.0 = Debug|Any CPU
		{F4383BD4-2E85-4529-84AB-931921750E25}.Debug|iPhoneSimulator.ActiveCfg = Debug|Any CPU
		{F4383BD4-2E85-4529-84AB-931921750E25}.Debug|iPhoneSimulator.Build.0 = Debug|Any CPU
		{F4383BD4-2E85-4529-84AB-931921750E25}.Debug|x64.ActiveCfg = Debug|Any CPU
		{F4383BD4-2E85-4529-84AB-931921750E25}.Debug|x64.Build.0 = Debug|Any CPU
		{F4383BD4-2E85-4529-84AB-931921750E25}.Debug|x86.ActiveCfg = Debug|Any CPU
		{F4383BD4-2E85-4529-84AB-931921750E25}.Debug|x86.Build.0 = Debug|Any CPU
		{F4383BD4-2E85-4529-84AB-931921750E25}.Release|Any CPU.ActiveCfg = Release|Any CPU
		{F4383BD4-2E85-4529-84AB-931921750E25}.Release|Any CPU.Build.0 = Release|Any CPU
		{F4383BD4-2E85-4529-84AB-931921750E25}.Release|ARM.ActiveCfg = Release|Any CPU
		{F4383BD4-2E85-4529-84AB-931921750E25}.Release|ARM.Build.0 = Release|Any CPU
		{F4383BD4-2E85-4529-84AB-931921750E25}.Release|iPhone.ActiveCfg = Release|Any CPU
		{F4383BD4-2E85-4529-84AB-931921750E25}.Release|iPhone.Build.0 = Release|Any CPU
		{F4383BD4-2E85-4529-84AB-931921750E25}.Release|iPhoneSimulator.ActiveCfg = Release|Any CPU
		{F4383BD4-2E85-4529-84AB-931921750E25}.Release|iPhoneSimulator.Build.0 = Release|Any CPU
		{F4383BD4-2E85-4529-84AB-931921750E25}.Release|x64.ActiveCfg = Release|Any CPU
		{F4383BD4-2E85-4529-84AB-931921750E25}.Release|x64.Build.0 = Release|Any CPU
		{F4383BD4-2E85-4529-84AB-931921750E25}.Release|x86.ActiveCfg = Release|Any CPU
		{F4383BD4-2E85-4529-84AB-931921750E25}.Release|x86.Build.0 = Release|Any CPU
		{E1F08580-3E37-47A3-8280-F72720731123}.Ad-Hoc|Any CPU.ActiveCfg = Debug|Any CPU
		{E1F08580-3E37-47A3-8280-F72720731123}.Ad-Hoc|Any CPU.Build.0 = Debug|Any CPU
		{E1F08580-3E37-47A3-8280-F72720731123}.Ad-Hoc|ARM.ActiveCfg = Debug|Any CPU
		{E1F08580-3E37-47A3-8280-F72720731123}.Ad-Hoc|ARM.Build.0 = Debug|Any CPU
		{E1F08580-3E37-47A3-8280-F72720731123}.Ad-Hoc|iPhone.ActiveCfg = Debug|Any CPU
		{E1F08580-3E37-47A3-8280-F72720731123}.Ad-Hoc|iPhone.Build.0 = Debug|Any CPU
		{E1F08580-3E37-47A3-8280-F72720731123}.Ad-Hoc|iPhoneSimulator.ActiveCfg = Debug|Any CPU
		{E1F08580-3E37-47A3-8280-F72720731123}.Ad-Hoc|iPhoneSimulator.Build.0 = Debug|Any CPU
		{E1F08580-3E37-47A3-8280-F72720731123}.Ad-Hoc|x64.ActiveCfg = Debug|Any CPU
		{E1F08580-3E37-47A3-8280-F72720731123}.Ad-Hoc|x64.Build.0 = Debug|Any CPU
		{E1F08580-3E37-47A3-8280-F72720731123}.Ad-Hoc|x86.ActiveCfg = Debug|Any CPU
		{E1F08580-3E37-47A3-8280-F72720731123}.Ad-Hoc|x86.Build.0 = Debug|Any CPU
		{E1F08580-3E37-47A3-8280-F72720731123}.AppStore|Any CPU.ActiveCfg = Debug|Any CPU
		{E1F08580-3E37-47A3-8280-F72720731123}.AppStore|Any CPU.Build.0 = Debug|Any CPU
		{E1F08580-3E37-47A3-8280-F72720731123}.AppStore|ARM.ActiveCfg = Debug|Any CPU
		{E1F08580-3E37-47A3-8280-F72720731123}.AppStore|ARM.Build.0 = Debug|Any CPU
		{E1F08580-3E37-47A3-8280-F72720731123}.AppStore|iPhone.ActiveCfg = Debug|Any CPU
		{E1F08580-3E37-47A3-8280-F72720731123}.AppStore|iPhone.Build.0 = Debug|Any CPU
		{E1F08580-3E37-47A3-8280-F72720731123}.AppStore|iPhoneSimulator.ActiveCfg = Debug|Any CPU
		{E1F08580-3E37-47A3-8280-F72720731123}.AppStore|iPhoneSimulator.Build.0 = Debug|Any CPU
		{E1F08580-3E37-47A3-8280-F72720731123}.AppStore|x64.ActiveCfg = Debug|Any CPU
		{E1F08580-3E37-47A3-8280-F72720731123}.AppStore|x64.Build.0 = Debug|Any CPU
		{E1F08580-3E37-47A3-8280-F72720731123}.AppStore|x86.ActiveCfg = Debug|Any CPU
		{E1F08580-3E37-47A3-8280-F72720731123}.AppStore|x86.Build.0 = Debug|Any CPU
		{E1F08580-3E37-47A3-8280-F72720731123}.Debug|Any CPU.ActiveCfg = Debug|Any CPU
		{E1F08580-3E37-47A3-8280-F72720731123}.Debug|Any CPU.Build.0 = Debug|Any CPU
		{E1F08580-3E37-47A3-8280-F72720731123}.Debug|ARM.ActiveCfg = Debug|Any CPU
		{E1F08580-3E37-47A3-8280-F72720731123}.Debug|ARM.Build.0 = Debug|Any CPU
		{E1F08580-3E37-47A3-8280-F72720731123}.Debug|iPhone.ActiveCfg = Debug|Any CPU
		{E1F08580-3E37-47A3-8280-F72720731123}.Debug|iPhone.Build.0 = Debug|Any CPU
		{E1F08580-3E37-47A3-8280-F72720731123}.Debug|iPhoneSimulator.ActiveCfg = Debug|Any CPU
		{E1F08580-3E37-47A3-8280-F72720731123}.Debug|iPhoneSimulator.Build.0 = Debug|Any CPU
		{E1F08580-3E37-47A3-8280-F72720731123}.Debug|x64.ActiveCfg = Debug|Any CPU
		{E1F08580-3E37-47A3-8280-F72720731123}.Debug|x64.Build.0 = Debug|Any CPU
		{E1F08580-3E37-47A3-8280-F72720731123}.Debug|x86.ActiveCfg = Debug|Any CPU
		{E1F08580-3E37-47A3-8280-F72720731123}.Debug|x86.Build.0 = Debug|Any CPU
		{E1F08580-3E37-47A3-8280-F72720731123}.Release|Any CPU.ActiveCfg = Release|Any CPU
		{E1F08580-3E37-47A3-8280-F72720731123}.Release|Any CPU.Build.0 = Release|Any CPU
		{E1F08580-3E37-47A3-8280-F72720731123}.Release|ARM.ActiveCfg = Release|Any CPU
		{E1F08580-3E37-47A3-8280-F72720731123}.Release|ARM.Build.0 = Release|Any CPU
		{E1F08580-3E37-47A3-8280-F72720731123}.Release|iPhone.ActiveCfg = Release|Any CPU
		{E1F08580-3E37-47A3-8280-F72720731123}.Release|iPhone.Build.0 = Release|Any CPU
		{E1F08580-3E37-47A3-8280-F72720731123}.Release|iPhoneSimulator.ActiveCfg = Release|Any CPU
		{E1F08580-3E37-47A3-8280-F72720731123}.Release|iPhoneSimulator.Build.0 = Release|Any CPU
		{E1F08580-3E37-47A3-8280-F72720731123}.Release|x64.ActiveCfg = Release|Any CPU
		{E1F08580-3E37-47A3-8280-F72720731123}.Release|x64.Build.0 = Release|Any CPU
		{E1F08580-3E37-47A3-8280-F72720731123}.Release|x86.ActiveCfg = Release|Any CPU
		{E1F08580-3E37-47A3-8280-F72720731123}.Release|x86.Build.0 = Release|Any CPU
	EndGlobalSection
	GlobalSection(SolutionProperties) = preSolution
		HideSolutionNode = FALSE
	EndGlobalSection
	GlobalSection(NestedProjects) = preSolution
		{AA41A241-A62F-4207-9178-2F917EC08228} = {4A8F316D-32D6-4D46-AEBB-80819BBDC816}
		{017F87F3-EFF0-4A23-AC8E-6741AABB71A2} = {4A8F316D-32D6-4D46-AEBB-80819BBDC816}
		{39CB920D-B8D4-4194-9110-3571673E2E34} = {4A8F316D-32D6-4D46-AEBB-80819BBDC816}
	EndGlobalSection
	GlobalSection(ExtensibilityGlobals) = postSolution
		SolutionGuid = {E36D31E8-3F0A-4CF3-8FBE-553B0CA727D5}
	EndGlobalSection
EndGlobal
